PODS:
  - ImageLoader (0.9.0)
  - ObjectMapper (1.2.0)

DEPENDENCIES:
  - ImageLoader
  - ObjectMapper (~> 1.2)

SPEC CHECKSUMS:
  ImageLoader: bb709e5b2708158da405760f42c75e7e52b561b5
  ObjectMapper: b1e9c7c8a9f6400b72690c80072c131504caa66f

PODFILE CHECKSUM: 19bb643113f1538080497a21375ae1b7ee7ca9cf

COCOAPODS: 1.0.0.rc.1
